
Microsoft Visual Studio Solution File, Format Version 12.00
# Visual Studio Version 16
VisualStudioVersion = 16.0.30413.136
MinimumVisualStudioVersion = 10.0.40219.1
Project("{FAE04EC0-301F-11D3-BF4B-00C04F79EFBC}") = "Danil_Popov_1040", "Danil_Popov_1040\Danil_Popov_1040.csproj", "{B69B47A1-660D-41C5-95AD-286161783F1E}"
EndProject
Global
	GlobalSection(SolutionConfigurationPlatforms) = preSolution
		Debug|Any CPU = Debug|Any CPU
		Release|Any CPU = Release|Any CPU
	EndGlobalSection
	GlobalSection(ProjectConfigurationPlatforms) = postSolution
		{B69B47A1-660D-41C5-95AD-286161783F1E}.Debug|Any CPU.ActiveCfg = Debug|Any CPU
		{B69B47A1-660D-41C5-95AD-286161783F1E}.Debug|Any CPU.Build.0 = Debug|Any CPU
		{B69B47A1-660D-41C5-95AD-286161783F1E}.Release|Any CPU.ActiveCfg = Release|Any CPU
		{B69B47A1-660D-41C5-95AD-286161783F1E}.Release|Any CPU.Build.0 = Release|Any CPU
	EndGlobalSection
	GlobalSection(SolutionProperties) = preSolution
		HideSolutionNode = FALSE
	EndGlobalSection
	GlobalSection(ExtensibilityGlobals) = postSolution
		SolutionGuid = {1B26EF3F-95B9-4778-A587-188C7699C0FF}
	EndGlobalSection
EndGlobal
